
Microsoft Visual Studio Solution File, Format Version 12.00
# Visual Studio Version 16
VisualStudioVersion = 16.0.30517.126
MinimumVisualStudioVersion = 10.0.40219.1
Project("{FAE04EC0-301F-11D3-BF4B-00C04F79EFBC}") = "Ejemplo", "Ejemplo\Ejemplo.csproj", "{D1ADA430-4B93-4538-8F1F-A9F1E820DE3D}"
EndProject
Global
	GlobalSection(SolutionConfigurationPlatforms) = preSolution
		Debug|Any CPU = Debug|Any CPU
		Release|Any CPU = Release|Any CPU
	EndGlobalSection
	GlobalSection(ProjectConfigurationPlatforms) = postSolution
		{D1ADA430-4B93-4538-8F1F-A9F1E820DE3D}.Debug|Any CPU.ActiveCfg = Debug|Any CPU
		{D1ADA430-4B93-4538-8F1F-A9F1E820DE3D}.Debug|Any CPU.Build.0 = Debug|Any CPU
		{D1ADA430-4B93-4538-8F1F-A9F1E820DE3D}.Release|Any CPU.ActiveCfg = Release|Any CPU
		{D1ADA430-4B93-4538-8F1F-A9F1E820DE3D}.Release|Any CPU.Build.0 = Release|Any CPU
	EndGlobalSection
	GlobalSection(SolutionProperties) = preSolution
		HideSolutionNode = FALSE
	EndGlobalSection
	GlobalSection(ExtensibilityGlobals) = postSolution
		SolutionGuid = {AD849905-1B64-46DF-99C5-FA2F269CB9B4}
	EndGlobalSection
EndGlobal
